<?xml version="1.0" encoding="utf-8"?>
<Project ToolsVersion="4.0" xmlns="http://schemas.microsoft.com/developer/msbuild/2003">
  <ItemGroup>
    <Filter Include="Components">
      <UniqueIdentifier>{fbd2f116-95bb-47c0-a814-4caf38a80d56}</UniqueIdentifier>
    </Filter>
    <Filter Include="Prefabs">
      <UniqueIdentifier>{13172355-72ef-429f-b0aa-e93fb96b6ff4}</UniqueIdentifier>
    </Filter>
  </ItemGroup>
  <ItemGroup>
    <ClCompile Include="Components\BurgerPiece.cpp" />
    <ClCompile Include="Components\Enemy.cpp" />
    <ClCompile Include="Components\HealthComponent.cpp" />
    <ClCompile Include="Components\PeterPepper.cpp" />
    <ClCompile Include="Components\PlayerResources.cpp" />
    <ClCompile Include="Components\PPSpriteMovement.cpp" />
    <ClCompile Include="Components\Score.cpp" />
    <ClCompile Include="Components\SoundLoaderTest.cpp" />
    <ClCompile Include="Components\Stage.cpp" />
    <ClCompile Include="Components\StageMovement.cpp" />
    <ClCompile Include="Components\PepperSpray.cpp" />
  </ItemGroup>
  <ItemGroup>
    <ClInclude Include="Components\BurgerPiece.h" />
    <ClInclude Include="Components\Enemy.h" />
    <ClInclude Include="Components\HealthComponent.h" />
    <ClInclude Include="Components\PeterPepper.h" />
    <ClInclude Include="Components\PlayerResources.h" />
    <ClInclude Include="Components\PPSpriteMovement.h" />
    <ClInclude Include="Components\Score.h" />
    <ClInclude Include="Components\SoundLoaderTest.h" />
    <ClInclude Include="Components\Stage.h" />
    <ClInclude Include="Components\StageMovement.h" />
    <ClInclude Include="Components\PepperSpray.h" />
  </ItemGroup>
</Project>