<?xml version="1.0" encoding="utf-8"?>
<Project ToolsVersion="4.0" xmlns="http://schemas.microsoft.com/developer/msbuild/2003">
  <ItemGroup>
    <Filter Include="Components">
      <UniqueIdentifier>{fbd2f116-95bb-47c0-a814-4caf38a80d56}</UniqueIdentifier>
    </Filter>
    <Filter Include="Prefabs">
      <UniqueIdentifier>{13172355-72ef-429f-b0aa-e93fb96b6ff4}</UniqueIdentifier>
    </Filter>
  </ItemGroup>
  <ItemGroup>
    <ClCompile Include="main.cpp" />
    <ClCompile Include="BurgerTimeGI.cpp" />
    <ClCompile Include="PPSpriteMovement.cpp">
      <Filter>Components</Filter>
    </ClCompile>
  </ItemGroup>
  <ItemGroup>
    <ClInclude Include="BurgerTimeGI.h" />
    <ClInclude Include="PPSpriteMovement.h">
      <Filter>Components</Filter>
    </ClInclude>
  </ItemGroup>
</Project>