<?xml version="1.0" encoding="utf-8"?>
<Project ToolsVersion="4.0" xmlns="http://schemas.microsoft.com/developer/msbuild/2003">
  <ItemGroup>
    <Filter Include="EngineFiles">
      <UniqueIdentifier>{122805fc-e592-4380-baf7-ab6fdc9b73ed}</UniqueIdentifier>
    </Filter>
    <Filter Include="UtilityFiles">
      <UniqueIdentifier>{2f6817a0-0aec-4034-8494-47fe34a1368c}</UniqueIdentifier>
    </Filter>
    <Filter Include="EngineFiles\Singletons">
      <UniqueIdentifier>{0ab41c82-478e-4fe1-8197-ac966f16e0ce}</UniqueIdentifier>
    </Filter>
    <Filter Include="EngineFiles\Components">
      <UniqueIdentifier>{10cd5c9d-b53c-42bd-80c8-dcd488205630}</UniqueIdentifier>
    </Filter>
    <Filter Include="EngineFiles\CustomComponents">
      <UniqueIdentifier>{6a508384-99ff-436a-b29a-2719c98b79e1}</UniqueIdentifier>
    </Filter>
    <Filter Include="ImGui">
      <UniqueIdentifier>{d9f98363-5549-43fd-8ac5-5dfbfd688306}</UniqueIdentifier>
    </Filter>
  </ItemGroup>
  <ItemGroup>
    <ClCompile Include="main.cpp" />
    <ClCompile Include="SceneManager.cpp">
      <Filter>EngineFiles\Singletons</Filter>
    </ClCompile>
    <ClCompile Include="ResourceManager.cpp">
      <Filter>EngineFiles\Singletons</Filter>
    </ClCompile>
    <ClCompile Include="RenderManager.cpp">
      <Filter>EngineFiles\Singletons</Filter>
    </ClCompile>
    <ClCompile Include="InputManager.cpp">
      <Filter>EngineFiles\Singletons</Filter>
    </ClCompile>
    <ClCompile Include="Scene.cpp">
      <Filter>EngineFiles</Filter>
    </ClCompile>
    <ClCompile Include="GameObject.cpp">
      <Filter>EngineFiles</Filter>
    </ClCompile>
    <ClCompile Include="OpenDemeyer2D.cpp" />
    <ClCompile Include="Components\RenderComponent.cpp">
      <Filter>EngineFiles\Components</Filter>
    </ClCompile>
    <ClCompile Include="Components\TextComponent.cpp">
      <Filter>EngineFiles\Components</Filter>
    </ClCompile>
    <ClCompile Include="Components\TextureComponent.cpp">
      <Filter>EngineFiles\Components</Filter>
    </ClCompile>
    <ClCompile Include="Components\Transform.cpp">
      <Filter>EngineFiles\Components</Filter>
    </ClCompile>
    <ClCompile Include="CustomComponents\TrashTheCache.cpp">
      <Filter>EngineFiles\CustomComponents</Filter>
    </ClCompile>
    <ClCompile Include="..\3rdParty\DearImGui\imgui.cpp">
      <Filter>ImGui</Filter>
    </ClCompile>
    <ClCompile Include="..\3rdParty\DearImGui\imgui_demo.cpp">
      <Filter>ImGui</Filter>
    </ClCompile>
    <ClCompile Include="..\3rdParty\DearImGui\imgui_draw.cpp">
      <Filter>ImGui</Filter>
    </ClCompile>
    <ClCompile Include="..\3rdParty\DearImGui\imgui_tables.cpp">
      <Filter>ImGui</Filter>
    </ClCompile>
    <ClCompile Include="..\3rdParty\DearImGui\imgui_widgets.cpp">
      <Filter>ImGui</Filter>
    </ClCompile>
    <ClCompile Include="..\3rdParty\DearImGui\backends\imgui_impl_opengl3.cpp">
      <Filter>ImGui</Filter>
    </ClCompile>
    <ClCompile Include="..\3rdParty\DearImGui\backends\imgui_impl_sdl.cpp">
      <Filter>ImGui</Filter>
    </ClCompile>
    <ClCompile Include="FileIO.cpp">
      <Filter>EngineFiles</Filter>
    </ClCompile>
    <ClCompile Include="Components\SpriteComponent.cpp">
      <Filter>EngineFiles\Components</Filter>
    </ClCompile>
    <ClCompile Include="Components\InputComponent.cpp">
      <Filter>EngineFiles\Components</Filter>
    </ClCompile>
    <ClCompile Include="Components\HealthComponent.cpp">
      <Filter>EngineFiles\Components</Filter>
    </ClCompile>
  </ItemGroup>
  <ItemGroup>
    <ClInclude Include="ODArray.h">
      <Filter>UtilityFiles</Filter>
    </ClInclude>
    <ClInclude Include="Singleton.h">
      <Filter>UtilityFiles</Filter>
    </ClInclude>
    <ClInclude Include="SceneManager.h">
      <Filter>EngineFiles\Singletons</Filter>
    </ClInclude>
    <ClInclude Include="ResourceManager.h">
      <Filter>EngineFiles\Singletons</Filter>
    </ClInclude>
    <ClInclude Include="RenderManager.h">
      <Filter>EngineFiles\Singletons</Filter>
    </ClInclude>
    <ClInclude Include="InputManager.h">
      <Filter>EngineFiles\Singletons</Filter>
    </ClInclude>
    <ClInclude Include="Texture2D.h">
      <Filter>UtilityFiles</Filter>
    </ClInclude>
    <ClInclude Include="Scene.h">
      <Filter>EngineFiles</Filter>
    </ClInclude>
    <ClInclude Include="GameObject.h">
      <Filter>EngineFiles</Filter>
    </ClInclude>
    <ClInclude Include="ComponentBase.h">
      <Filter>EngineFiles</Filter>
    </ClInclude>
    <ClInclude Include="Components\Transform.h">
      <Filter>EngineFiles\Components</Filter>
    </ClInclude>
    <ClInclude Include="OpenDemeyer2D.h" />
    <ClInclude Include="Font.h">
      <Filter>UtilityFiles</Filter>
    </ClInclude>
    <ClInclude Include="Components\RenderComponent.h">
      <Filter>EngineFiles\Components</Filter>
    </ClInclude>
    <ClInclude Include="Components\TextComponent.h">
      <Filter>EngineFiles\Components</Filter>
    </ClInclude>
    <ClInclude Include="Components\TextureComponent.h">
      <Filter>EngineFiles\Components</Filter>
    </ClInclude>
    <ClInclude Include="Delegate.h">
      <Filter>UtilityFiles</Filter>
    </ClInclude>
    <ClInclude Include="EditorFunctions.h">
      <Filter>EngineFiles</Filter>
    </ClInclude>
    <ClInclude Include="CustomComponents\TrashTheCache.h">
      <Filter>EngineFiles\CustomComponents</Filter>
    </ClInclude>
    <ClInclude Include="RenderTarget.h">
      <Filter>UtilityFiles</Filter>
    </ClInclude>
    <ClInclude Include="..\3rdParty\DearImGui\imconfig.h">
      <Filter>ImGui</Filter>
    </ClInclude>
    <ClInclude Include="..\3rdParty\DearImGui\imgui.h">
      <Filter>ImGui</Filter>
    </ClInclude>
    <ClInclude Include="..\3rdParty\DearImGui\imgui_internal.h">
      <Filter>ImGui</Filter>
    </ClInclude>
    <ClInclude Include="..\3rdParty\DearImGui\imstb_rectpack.h">
      <Filter>ImGui</Filter>
    </ClInclude>
    <ClInclude Include="..\3rdParty\DearImGui\imstb_textedit.h">
      <Filter>ImGui</Filter>
    </ClInclude>
    <ClInclude Include="..\3rdParty\DearImGui\imstb_truetype.h">
      <Filter>ImGui</Filter>
    </ClInclude>
    <ClInclude Include="..\3rdParty\DearImGui\backends\imgui_impl_opengl3.h">
      <Filter>ImGui</Filter>
    </ClInclude>
    <ClInclude Include="..\3rdParty\DearImGui\backends\imgui_impl_opengl3_loader.h">
      <Filter>ImGui</Filter>
    </ClInclude>
    <ClInclude Include="..\3rdParty\DearImGui\backends\imgui_impl_sdl.h">
      <Filter>ImGui</Filter>
    </ClInclude>
    <ClInclude Include="Dictionary.h">
      <Filter>UtilityFiles</Filter>
    </ClInclude>
    <ClInclude Include="FileIO.h">
      <Filter>EngineFiles</Filter>
    </ClInclude>
    <ClInclude Include="ICommand.h">
      <Filter>UtilityFiles</Filter>
    </ClInclude>
    <ClInclude Include="EventQueue.h">
      <Filter>UtilityFiles</Filter>
    </ClInclude>
    <ClInclude Include="GameInstance.h">
      <Filter>EngineFiles</Filter>
    </ClInclude>
    <ClInclude Include="Components\SpriteComponent.h">
      <Filter>EngineFiles\Components</Filter>
    </ClInclude>
    <ClInclude Include="Components\InputComponent.h">
      <Filter>EngineFiles\Components</Filter>
    </ClInclude>
    <ClInclude Include="Components\HealthComponent.h">
      <Filter>EngineFiles\Components</Filter>
    </ClInclude>
  </ItemGroup>
  <ItemGroup>
    <None Include="OD2pch.h" />
  </ItemGroup>
  <ItemGroup>
    <Text Include="engineconfig.ini" />
  </ItemGroup>
</Project>