<?xml version="1.0" encoding="utf-8"?>
<Project ToolsVersion="4.0" xmlns="http://schemas.microsoft.com/developer/msbuild/2003">
  <ItemGroup>
    <Filter Include="EngineFiles">
      <UniqueIdentifier>{122805fc-e592-4380-baf7-ab6fdc9b73ed}</UniqueIdentifier>
    </Filter>
    <Filter Include="UtilityFiles">
      <UniqueIdentifier>{2f6817a0-0aec-4034-8494-47fe34a1368c}</UniqueIdentifier>
    </Filter>
    <Filter Include="EngineFiles\Singletons">
      <UniqueIdentifier>{0ab41c82-478e-4fe1-8197-ac966f16e0ce}</UniqueIdentifier>
    </Filter>
    <Filter Include="EngineFiles\Components">
      <UniqueIdentifier>{10cd5c9d-b53c-42bd-80c8-dcd488205630}</UniqueIdentifier>
    </Filter>
    <Filter Include="ImGui">
      <UniqueIdentifier>{d9f98363-5549-43fd-8ac5-5dfbfd688306}</UniqueIdentifier>
    </Filter>
    <Filter Include="EngineFiles\FileIO">
      <UniqueIdentifier>{6cb97c88-df1e-4af4-9bcb-46cffaaaaf0d}</UniqueIdentifier>
    </Filter>
  </ItemGroup>
  <ItemGroup>
    <ClCompile Include="main.cpp" />
    <ClCompile Include="Components\RenderComponent.cpp">
      <Filter>EngineFiles\Components</Filter>
    </ClCompile>
    <ClCompile Include="Components\TextComponent.cpp">
      <Filter>EngineFiles\Components</Filter>
    </ClCompile>
    <ClCompile Include="Components\TextureComponent.cpp">
      <Filter>EngineFiles\Components</Filter>
    </ClCompile>
    <ClCompile Include="Components\Transform.cpp">
      <Filter>EngineFiles\Components</Filter>
    </ClCompile>
    <ClCompile Include="..\3rdParty\DearImGui\imgui.cpp">
      <Filter>ImGui</Filter>
    </ClCompile>
    <ClCompile Include="..\3rdParty\DearImGui\imgui_draw.cpp">
      <Filter>ImGui</Filter>
    </ClCompile>
    <ClCompile Include="..\3rdParty\DearImGui\imgui_tables.cpp">
      <Filter>ImGui</Filter>
    </ClCompile>
    <ClCompile Include="..\3rdParty\DearImGui\imgui_widgets.cpp">
      <Filter>ImGui</Filter>
    </ClCompile>
    <ClCompile Include="..\3rdParty\DearImGui\backends\imgui_impl_opengl3.cpp">
      <Filter>ImGui</Filter>
    </ClCompile>
    <ClCompile Include="..\3rdParty\DearImGui\backends\imgui_impl_sdl.cpp">
      <Filter>ImGui</Filter>
    </ClCompile>
    <ClCompile Include="Components\SpriteComponent.cpp">
      <Filter>EngineFiles\Components</Filter>
    </ClCompile>
    <ClCompile Include="Components\InputComponent.cpp">
      <Filter>EngineFiles\Components</Filter>
    </ClCompile>
    <ClCompile Include="Components\PhysicsComponent.cpp">
      <Filter>EngineFiles\Components</Filter>
    </ClCompile>
    <ClCompile Include="Components\TextPixelComponent.cpp">
      <Filter>EngineFiles\Components</Filter>
    </ClCompile>
    <ClCompile Include="EngineIO\CustomSerializers.cpp">
      <Filter>EngineFiles\FileIO</Filter>
    </ClCompile>
    <ClCompile Include="EngineIO\Deserializer.cpp">
      <Filter>EngineFiles\FileIO</Filter>
    </ClCompile>
    <ClCompile Include="Singletons\GUIManager.cpp" />
    <ClCompile Include="Singletons\InputManager.cpp" />
    <ClCompile Include="Singletons\OpenDemeyer2D.cpp" />
    <ClCompile Include="Singletons\RenderManager.cpp" />
    <ClCompile Include="Singletons\ResourceManager.cpp" />
    <ClCompile Include="Singletons\SceneManager.cpp" />
    <ClCompile Include="EngineFiles\GameObject.cpp" />
    <ClCompile Include="EngineFiles\Scene.cpp" />
    <ClCompile Include="ImGuiExt\FileDetailView.cpp" />
    <ClCompile Include="ImGuiExt\imgui_helpers.cpp" />
  </ItemGroup>
  <ItemGroup>
    <ClInclude Include="Components\Transform.h">
      <Filter>EngineFiles\Components</Filter>
    </ClInclude>
    <ClInclude Include="Components\RenderComponent.h">
      <Filter>EngineFiles\Components</Filter>
    </ClInclude>
    <ClInclude Include="Components\TextComponent.h">
      <Filter>EngineFiles\Components</Filter>
    </ClInclude>
    <ClInclude Include="Components\TextureComponent.h">
      <Filter>EngineFiles\Components</Filter>
    </ClInclude>
    <ClInclude Include="..\3rdParty\DearImGui\imconfig.h">
      <Filter>ImGui</Filter>
    </ClInclude>
    <ClInclude Include="..\3rdParty\DearImGui\imgui.h">
      <Filter>ImGui</Filter>
    </ClInclude>
    <ClInclude Include="..\3rdParty\DearImGui\imgui_internal.h">
      <Filter>ImGui</Filter>
    </ClInclude>
    <ClInclude Include="..\3rdParty\DearImGui\imstb_rectpack.h">
      <Filter>ImGui</Filter>
    </ClInclude>
    <ClInclude Include="..\3rdParty\DearImGui\imstb_textedit.h">
      <Filter>ImGui</Filter>
    </ClInclude>
    <ClInclude Include="..\3rdParty\DearImGui\imstb_truetype.h">
      <Filter>ImGui</Filter>
    </ClInclude>
    <ClInclude Include="..\3rdParty\DearImGui\backends\imgui_impl_opengl3.h">
      <Filter>ImGui</Filter>
    </ClInclude>
    <ClInclude Include="..\3rdParty\DearImGui\backends\imgui_impl_opengl3_loader.h">
      <Filter>ImGui</Filter>
    </ClInclude>
    <ClInclude Include="..\3rdParty\DearImGui\backends\imgui_impl_sdl.h">
      <Filter>ImGui</Filter>
    </ClInclude>
    <ClInclude Include="Components\SpriteComponent.h">
      <Filter>EngineFiles\Components</Filter>
    </ClInclude>
    <ClInclude Include="Components\InputComponent.h">
      <Filter>EngineFiles\Components</Filter>
    </ClInclude>
    <ClInclude Include="Components\PhysicsComponent.h">
      <Filter>EngineFiles\Components</Filter>
    </ClInclude>
    <ClInclude Include="Components\TextPixelComponent.h">
      <Filter>EngineFiles\Components</Filter>
    </ClInclude>
    <ClInclude Include="EngineIO\CustomSerializers.h">
      <Filter>EngineFiles\FileIO</Filter>
    </ClInclude>
    <ClInclude Include="EngineIO\TypeInformation.h">
      <Filter>EngineFiles\FileIO</Filter>
    </ClInclude>
    <ClInclude Include="EngineIO\Deserializer.h">
      <Filter>EngineFiles\FileIO</Filter>
    </ClInclude>
    <ClInclude Include="UtilityFiles\Delegate.h" />
    <ClInclude Include="UtilityFiles\Dictionary.h" />
    <ClInclude Include="UtilityFiles\EventQueue.h" />
    <ClInclude Include="UtilityFiles\ICommand.h" />
    <ClInclude Include="UtilityFiles\ODArray.h" />
    <ClInclude Include="UtilityFiles\RenderTarget.h" />
    <ClInclude Include="UtilityFiles\Singleton.h" />
    <ClInclude Include="UtilityFiles\Surface2D.h" />
    <ClInclude Include="UtilityFiles\Texture2D.h" />
    <ClInclude Include="Singletons\GUIManager.h" />
    <ClInclude Include="Singletons\InputManager.h" />
    <ClInclude Include="Singletons\OpenDemeyer2D.h" />
    <ClInclude Include="Singletons\RenderManager.h" />
    <ClInclude Include="Singletons\ResourceManager.h" />
    <ClInclude Include="Singletons\SceneManager.h" />
    <ClInclude Include="EngineFiles\ComponentBase.h" />
    <ClInclude Include="EngineFiles\GameInstance.h" />
    <ClInclude Include="EngineFiles\GameObject.h" />
    <ClInclude Include="EngineFiles\Scene.h" />
    <ClInclude Include="EngineIO\Reflection.h" />
    <ClInclude Include="ImGuiExt\EngineStyle.h" />
    <ClInclude Include="ImGuiExt\imgui_helpers.h" />
    <ClInclude Include="ResourceWrappers\Font.h" />
    <ClInclude Include="ResourceWrappers\Sound.h" />
    <ClInclude Include="ResourceWrappers\RenderTarget.h" />
    <ClInclude Include="ResourceWrappers\Surface2D.h" />
    <ClInclude Include="ResourceWrappers\Texture2D.h" />
    <ClInclude Include="UtilityFiles\StateMachine.h" />
    <ClInclude Include="EngineIO\EngineSettings.h" />
    <ClInclude Include="ImGuiExt\CustomImGuiFields.h" />
    <ClInclude Include="ImGuiExt\FileDetailView.h" />
  </ItemGroup>
  <ItemGroup>
    <Text Include="engineconfig.ini" />
  </ItemGroup>
</Project>